
Microsoft Visual Studio Solution File, Format Version 12.00
# Visual Studio 15
VisualStudioVersion = 15.0.26403.7
MinimumVisualStudioVersion = 10.0.40219.1
Project("{FAE04EC0-301F-11D3-BF4B-00C04F79EFBC}") = "ProjectTimeManager", "ProjectTimeManager\ProjectTimeManager.csproj", "{C3B66487-8358-4A78-B3E8-277ADF390397}"
EndProject
Project("{FAE04EC0-301F-11D3-BF4B-00C04F79EFBC}") = "ProjectTimeManager.Tests", "ProjectTimeManager.Tests\ProjectTimeManager.Tests.csproj", "{ED4C10A3-37CD-4AC1-B6A5-965B28AB8478}"
EndProject
Project("{FAE04EC0-301F-11D3-BF4B-00C04F79EFBC}") = "ProjectTimeManager.Model", "ProjectTimeManager.Model\ProjectTimeManager.Model.csproj", "{58E7E62C-8BD5-45B6-A4E7-D8F35C0A6E60}"
EndProject
Project("{FAE04EC0-301F-11D3-BF4B-00C04F79EFBC}") = "ProjectTimeManager.DAL", "ProjectTimeManager.DAL\ProjectTimeManager.DAL.csproj", "{A6EEFDDC-ADDC-4214-9002-97867EFB8878}"
EndProject
Global
	GlobalSection(SolutionConfigurationPlatforms) = preSolution
		Debug|Any CPU = Debug|Any CPU
		Release|Any CPU = Release|Any CPU
	EndGlobalSection
	GlobalSection(ProjectConfigurationPlatforms) = postSolution
		{C3B66487-8358-4A78-B3E8-277ADF390397}.Debug|Any CPU.ActiveCfg = Debug|Any CPU
		{C3B66487-8358-4A78-B3E8-277ADF390397}.Debug|Any CPU.Build.0 = Debug|Any CPU
		{C3B66487-8358-4A78-B3E8-277ADF390397}.Release|Any CPU.ActiveCfg = Release|Any CPU
		{C3B66487-8358-4A78-B3E8-277ADF390397}.Release|Any CPU.Build.0 = Release|Any CPU
		{ED4C10A3-37CD-4AC1-B6A5-965B28AB8478}.Debug|Any CPU.ActiveCfg = Debug|Any CPU
		{ED4C10A3-37CD-4AC1-B6A5-965B28AB8478}.Debug|Any CPU.Build.0 = Debug|Any CPU
		{ED4C10A3-37CD-4AC1-B6A5-965B28AB8478}.Release|Any CPU.ActiveCfg = Release|Any CPU
		{ED4C10A3-37CD-4AC1-B6A5-965B28AB8478}.Release|Any CPU.Build.0 = Release|Any CPU
		{58E7E62C-8BD5-45B6-A4E7-D8F35C0A6E60}.Debug|Any CPU.ActiveCfg = Debug|Any CPU
		{58E7E62C-8BD5-45B6-A4E7-D8F35C0A6E60}.Debug|Any CPU.Build.0 = Debug|Any CPU
		{58E7E62C-8BD5-45B6-A4E7-D8F35C0A6E60}.Release|Any CPU.ActiveCfg = Release|Any CPU
		{58E7E62C-8BD5-45B6-A4E7-D8F35C0A6E60}.Release|Any CPU.Build.0 = Release|Any CPU
		{A6EEFDDC-ADDC-4214-9002-97867EFB8878}.Debug|Any CPU.ActiveCfg = Debug|Any CPU
		{A6EEFDDC-ADDC-4214-9002-97867EFB8878}.Debug|Any CPU.Build.0 = Debug|Any CPU
		{A6EEFDDC-ADDC-4214-9002-97867EFB8878}.Release|Any CPU.ActiveCfg = Release|Any CPU
		{A6EEFDDC-ADDC-4214-9002-97867EFB8878}.Release|Any CPU.Build.0 = Release|Any CPU
	EndGlobalSection
	GlobalSection(SolutionProperties) = preSolution
		HideSolutionNode = FALSE
	EndGlobalSection
EndGlobal
